// !$*UTF8*$!
{
	archiveVersion = 1;
	classes = {
	};
	objectVersion = 55;
	objects = {

/* Begin PBXBuildFile section */
		4A16688A27A9459200564DFE /* Language.swift in Sources */ = {isa = PBXBuildFile; fileRef = 4A16688927A9459200564DFE /* Language.swift */; };
		4A16688C27A9481400564DFE /* SettingsView.swift in Sources */ = {isa = PBXBuildFile; fileRef = 4A16688B27A9481400564DFE /* SettingsView.swift */; };
		4A16688F27A95E5500564DFE /* PopupModifier.swift in Sources */ = {isa = PBXBuildFile; fileRef = 4A16688E27A95E5500564DFE /* PopupModifier.swift */; };
		4A16689127A95E6600564DFE /* PopupHostedViewController.swift in Sources */ = {isa = PBXBuildFile; fileRef = 4A16689027A95E6600564DFE /* PopupHostedViewController.swift */; };
		4A16689327A95EE500564DFE /* UIApplication+keyWindow.swift in Sources */ = {isa = PBXBuildFile; fileRef = 4A16689227A95EE500564DFE /* UIApplication+keyWindow.swift */; };
		4A16689527A95FAB00564DFE /* LanguagesView.swift in Sources */ = {isa = PBXBuildFile; fileRef = 4A16689427A95FAB00564DFE /* LanguagesView.swift */; };
		4A16689B27A9C1C900564DFE /* UserSettings.swift in Sources */ = {isa = PBXBuildFile; fileRef = 4A16689A27A9C1C900564DFE /* UserSettings.swift */; };
		4A16689D27A9C76C00564DFE /* YandexTranslateManager.swift in Sources */ = {isa = PBXBuildFile; fileRef = 4A16689C27A9C76C00564DFE /* YandexTranslateManager.swift */; };
		4A16689F27A9C8D300564DFE /* YandexTranslateResponse.swift in Sources */ = {isa = PBXBuildFile; fileRef = 4A16689E27A9C8D300564DFE /* YandexTranslateResponse.swift */; };
		4A2DCED627A6DB9F00F32B59 /* InternationalTimeApp.swift in Sources */ = {isa = PBXBuildFile; fileRef = 4A2DCED527A6DB9F00F32B59 /* InternationalTimeApp.swift */; };
		4A2DCED827A6DB9F00F32B59 /* ContentView.swift in Sources */ = {isa = PBXBuildFile; fileRef = 4A2DCED727A6DB9F00F32B59 /* ContentView.swift */; };
		4A2DCEDA27A6DBA100F32B59 /* Assets.xcassets in Resources */ = {isa = PBXBuildFile; fileRef = 4A2DCED927A6DBA100F32B59 /* Assets.xcassets */; };
		4A2DCEDD27A6DBA100F32B59 /* Preview Assets.xcassets in Resources */ = {isa = PBXBuildFile; fileRef = 4A2DCEDC27A6DBA100F32B59 /* Preview Assets.xcassets */; };
		4A577E5327AD6F7D009ABCD9 /* OfflineView.swift in Sources */ = {isa = PBXBuildFile; fileRef = 4A577E5227AD6F7D009ABCD9 /* OfflineView.swift */; };
		4A577E5527AD70F4009ABCD9 /* TutorialView.swift in Sources */ = {isa = PBXBuildFile; fileRef = 4A577E5427AD70F4009ABCD9 /* TutorialView.swift */; };
		4A999D4D27A85BF3002A5D04 /* SpeechRecognizer.swift in Sources */ = {isa = PBXBuildFile; fileRef = 4A999D4C27A85BF3002A5D04 /* SpeechRecognizer.swift */; };
		4A999D5027A85CD2002A5D04 /* SFSpeechRecognizer + hasAuthorizationToRecognize.swift in Sources */ = {isa = PBXBuildFile; fileRef = 4A999D4F27A85CD2002A5D04 /* SFSpeechRecognizer + hasAuthorizationToRecognize.swift */; };
		4A999D5227A85CF0002A5D04 /* AVAudioSession + hasPermissionToRecord.swift in Sources */ = {isa = PBXBuildFile; fileRef = 4A999D5127A85CF0002A5D04 /* AVAudioSession + hasPermissionToRecord.swift */; };
		4A999D5427A86605002A5D04 /* Color+hex.swift in Sources */ = {isa = PBXBuildFile; fileRef = 4A999D5327A86605002A5D04 /* Color+hex.swift */; };
		4A999D5727A868D6002A5D04 /* PressGesture.swift in Sources */ = {isa = PBXBuildFile; fileRef = 4A999D5627A868D6002A5D04 /* PressGesture.swift */; };
		4A999D5A27A8701A002A5D04 /* SpeakTogether.swift in Sources */ = {isa = PBXBuildFile; fileRef = 4A999D5927A8701A002A5D04 /* SpeakTogether.swift */; };
		4A999D5C27A87147002A5D04 /* SpeechTogetherService.swift in Sources */ = {isa = PBXBuildFile; fileRef = 4A999D5B27A87147002A5D04 /* SpeechTogetherService.swift */; };
		4A999D5E27A87534002A5D04 /* SpeechMessage.swift in Sources */ = {isa = PBXBuildFile; fileRef = 4A999D5D27A87534002A5D04 /* SpeechMessage.swift */; };
/* End PBXBuildFile section */

/* Begin PBXFileReference section */
		4A16688927A9459200564DFE /* Language.swift */ = {isa = PBXFileReference; lastKnownFileType = sourcecode.swift; path = Language.swift; sourceTree = "<group>"; };
		4A16688B27A9481400564DFE /* SettingsView.swift */ = {isa = PBXFileReference; lastKnownFileType = sourcecode.swift; path = SettingsView.swift; sourceTree = "<group>"; };
		4A16688E27A95E5500564DFE /* PopupModifier.swift */ = {isa = PBXFileReference; lastKnownFileType = sourcecode.swift; path = PopupModifier.swift; sourceTree = "<group>"; };
		4A16689027A95E6600564DFE /* PopupHostedViewController.swift */ = {isa = PBXFileReference; lastKnownFileType = sourcecode.swift; path = PopupHostedViewController.swift; sourceTree = "<group>"; };
		4A16689227A95EE500564DFE /* UIApplication+keyWindow.swift */ = {isa = PBXFileReference; lastKnownFileType = sourcecode.swift; path = "UIApplication+keyWindow.swift"; sourceTree = "<group>"; };
		4A16689427A95FAB00564DFE /* LanguagesView.swift */ = {isa = PBXFileReference; lastKnownFileType = sourcecode.swift; path = LanguagesView.swift; sourceTree = "<group>"; };
		4A16689A27A9C1C900564DFE /* UserSettings.swift */ = {isa = PBXFileReference; lastKnownFileType = sourcecode.swift; path = UserSettings.swift; sourceTree = "<group>"; };
		4A16689C27A9C76C00564DFE /* YandexTranslateManager.swift */ = {isa = PBXFileReference; lastKnownFileType = sourcecode.swift; path = YandexTranslateManager.swift; sourceTree = "<group>"; };
		4A16689E27A9C8D300564DFE /* YandexTranslateResponse.swift */ = {isa = PBXFileReference; lastKnownFileType = sourcecode.swift; path = YandexTranslateResponse.swift; sourceTree = "<group>"; };
		4A2DCED227A6DB9F00F32B59 /* InternationalTime.app */ = {isa = PBXFileReference; explicitFileType = wrapper.application; includeInIndex = 0; path = InternationalTime.app; sourceTree = BUILT_PRODUCTS_DIR; };
		4A2DCED527A6DB9F00F32B59 /* InternationalTimeApp.swift */ = {isa = PBXFileReference; lastKnownFileType = sourcecode.swift; path = InternationalTimeApp.swift; sourceTree = "<group>"; };
		4A2DCED727A6DB9F00F32B59 /* ContentView.swift */ = {isa = PBXFileReference; lastKnownFileType = sourcecode.swift; path = ContentView.swift; sourceTree = "<group>"; };
		4A2DCED927A6DBA100F32B59 /* Assets.xcassets */ = {isa = PBXFileReference; lastKnownFileType = folder.assetcatalog; path = Assets.xcassets; sourceTree = "<group>"; };
		4A2DCEDC27A6DBA100F32B59 /* Preview Assets.xcassets */ = {isa = PBXFileReference; lastKnownFileType = folder.assetcatalog; path = "Preview Assets.xcassets"; sourceTree = "<group>"; };
		4A577E5227AD6F7D009ABCD9 /* OfflineView.swift */ = {isa = PBXFileReference; lastKnownFileType = sourcecode.swift; path = OfflineView.swift; sourceTree = "<group>"; };
		4A577E5427AD70F4009ABCD9 /* TutorialView.swift */ = {isa = PBXFileReference; lastKnownFileType = sourcecode.swift; path = TutorialView.swift; sourceTree = "<group>"; };
		4A999D4C27A85BF3002A5D04 /* SpeechRecognizer.swift */ = {isa = PBXFileReference; lastKnownFileType = sourcecode.swift; path = SpeechRecognizer.swift; sourceTree = "<group>"; };
		4A999D4F27A85CD2002A5D04 /* SFSpeechRecognizer + hasAuthorizationToRecognize.swift */ = {isa = PBXFileReference; lastKnownFileType = sourcecode.swift; path = "SFSpeechRecognizer + hasAuthorizationToRecognize.swift"; sourceTree = "<group>"; };
		4A999D5127A85CF0002A5D04 /* AVAudioSession + hasPermissionToRecord.swift */ = {isa = PBXFileReference; lastKnownFileType = sourcecode.swift; path = "AVAudioSession + hasPermissionToRecord.swift"; sourceTree = "<group>"; };
		4A999D5327A86605002A5D04 /* Color+hex.swift */ = {isa = PBXFileReference; lastKnownFileType = sourcecode.swift; path = "Color+hex.swift"; sourceTree = "<group>"; };
		4A999D5627A868D6002A5D04 /* PressGesture.swift */ = {isa = PBXFileReference; lastKnownFileType = sourcecode.swift; path = PressGesture.swift; sourceTree = "<group>"; };
		4A999D5827A86FCC002A5D04 /* InternationalTime.entitlements */ = {isa = PBXFileReference; lastKnownFileType = text.plist.entitlements; path = InternationalTime.entitlements; sourceTree = "<group>"; };
		4A999D5927A8701A002A5D04 /* SpeakTogether.swift */ = {isa = PBXFileReference; lastKnownFileType = sourcecode.swift; path = SpeakTogether.swift; sourceTree = "<group>"; };
		4A999D5B27A87147002A5D04 /* SpeechTogetherService.swift */ = {isa = PBXFileReference; lastKnownFileType = sourcecode.swift; path = SpeechTogetherService.swift; sourceTree = "<group>"; };
		4A999D5D27A87534002A5D04 /* SpeechMessage.swift */ = {isa = PBXFileReference; lastKnownFileType = sourcecode.swift; path = SpeechMessage.swift; sourceTree = "<group>"; };
/* End PBXFileReference section */

/* Begin PBXFrameworksBuildPhase section */
		4A2DCECF27A6DB9F00F32B59 /* Frameworks */ = {
			isa = PBXFrameworksBuildPhase;
			buildActionMask = 2147483647;
			files = (
			);
			runOnlyForDeploymentPostprocessing = 0;
		};
/* End PBXFrameworksBuildPhase section */

/* Begin PBXGroup section */
		4A16688D27A95E4500564DFE /* Popup */ = {
			isa = PBXGroup;
			children = (
				4A16688E27A95E5500564DFE /* PopupModifier.swift */,
				4A16689027A95E6600564DFE /* PopupHostedViewController.swift */,
			);
			path = Popup;
			sourceTree = "<group>";
		};
		4A1668A027A9C8FD00564DFE /* Network */ = {
			isa = PBXGroup;
			children = (
				4A1668A127A9C90900564DFE /* YandexTranslate */,
			);
			path = Network;
			sourceTree = "<group>";
		};
		4A1668A127A9C90900564DFE /* YandexTranslate */ = {
			isa = PBXGroup;
			children = (
				4A16689E27A9C8D300564DFE /* YandexTranslateResponse.swift */,
				4A16689C27A9C76C00564DFE /* YandexTranslateManager.swift */,
			);
			path = YandexTranslate;
			sourceTree = "<group>";
		};
		4A2DCEC927A6DB9F00F32B59 = {
			isa = PBXGroup;
			children = (
				4A2DCED427A6DB9F00F32B59 /* InternationalTime */,
				4A2DCED327A6DB9F00F32B59 /* Products */,
			);
			sourceTree = "<group>";
		};
		4A2DCED327A6DB9F00F32B59 /* Products */ = {
			isa = PBXGroup;
			children = (
				4A2DCED227A6DB9F00F32B59 /* InternationalTime.app */,
			);
			name = Products;
			sourceTree = "<group>";
		};
		4A2DCED427A6DB9F00F32B59 /* InternationalTime */ = {
			isa = PBXGroup;
			children = (
				4A999D5827A86FCC002A5D04 /* InternationalTime.entitlements */,
				4A2DCEE327A6DBB800F32B59 /* Supporting Files */,
				4A2DCEFC27A6FEDC00F32B59 /* Core */,
				4A1668A027A9C8FD00564DFE /* Network */,
				4A2DCEFD27A6FEE200F32B59 /* Services */,
				4A2DCEFB27A6FED600F32B59 /* Models */,
				4A2DCEE427A6DBF400F32B59 /* Views */,
				4A2DCEFA27A6FED000F32B59 /* ViewModels */,
			);
			path = InternationalTime;
			sourceTree = "<group>";
		};
		4A2DCEDB27A6DBA100F32B59 /* Preview Content */ = {
			isa = PBXGroup;
			children = (
				4A2DCEDC27A6DBA100F32B59 /* Preview Assets.xcassets */,
			);
			path = "Preview Content";
			sourceTree = "<group>";
		};
		4A2DCEE327A6DBB800F32B59 /* Supporting Files */ = {
			isa = PBXGroup;
			children = (
				4A2DCED527A6DB9F00F32B59 /* InternationalTimeApp.swift */,
				4A2DCED927A6DBA100F32B59 /* Assets.xcassets */,
				4A2DCEDB27A6DBA100F32B59 /* Preview Content */,
			);
			path = "Supporting Files";
			sourceTree = "<group>";
		};
		4A2DCEE427A6DBF400F32B59 /* Views */ = {
			isa = PBXGroup;
			children = (
				4A2DCED727A6DB9F00F32B59 /* ContentView.swift */,
				4A16688B27A9481400564DFE /* SettingsView.swift */,
				4A16689427A95FAB00564DFE /* LanguagesView.swift */,
				4A577E5227AD6F7D009ABCD9 /* OfflineView.swift */,
				4A577E5427AD70F4009ABCD9 /* TutorialView.swift */,
			);
			path = Views;
			sourceTree = "<group>";
		};
		4A2DCEFA27A6FED000F32B59 /* ViewModels */ = {
			isa = PBXGroup;
			children = (
			);
			path = ViewModels;
			sourceTree = "<group>";
		};
		4A2DCEFB27A6FED600F32B59 /* Models */ = {
			isa = PBXGroup;
			children = (
				4A999D5927A8701A002A5D04 /* SpeakTogether.swift */,
				4A999D5D27A87534002A5D04 /* SpeechMessage.swift */,
				4A16688927A9459200564DFE /* Language.swift */,
				4A16689A27A9C1C900564DFE /* UserSettings.swift */,
			);
			path = Models;
			sourceTree = "<group>";
		};
		4A2DCEFC27A6FEDC00F32B59 /* Core */ = {
			isa = PBXGroup;
			children = (
				4A999D5527A868CC002A5D04 /* ViewModifiers */,
				4A999D4E27A85CC3002A5D04 /* Extensions */,
			);
			path = Core;
			sourceTree = "<group>";
		};
		4A2DCEFD27A6FEE200F32B59 /* Services */ = {
			isa = PBXGroup;
			children = (
				4A999D5B27A87147002A5D04 /* SpeechTogetherService.swift */,
				4A999D4C27A85BF3002A5D04 /* SpeechRecognizer.swift */,
			);
			path = Services;
			sourceTree = "<group>";
		};
		4A999D4E27A85CC3002A5D04 /* Extensions */ = {
			isa = PBXGroup;
			children = (
				4A999D4F27A85CD2002A5D04 /* SFSpeechRecognizer + hasAuthorizationToRecognize.swift */,
				4A999D5127A85CF0002A5D04 /* AVAudioSession + hasPermissionToRecord.swift */,
				4A999D5327A86605002A5D04 /* Color+hex.swift */,
				4A16689227A95EE500564DFE /* UIApplication+keyWindow.swift */,
			);
			path = Extensions;
			sourceTree = "<group>";
		};
		4A999D5527A868CC002A5D04 /* ViewModifiers */ = {
			isa = PBXGroup;
			children = (
				4A16688D27A95E4500564DFE /* Popup */,
				4A999D5627A868D6002A5D04 /* PressGesture.swift */,
			);
			path = ViewModifiers;
			sourceTree = "<group>";
		};
/* End PBXGroup section */

/* Begin PBXNativeTarget section */
		4A2DCED127A6DB9F00F32B59 /* InternationalTime */ = {
			isa = PBXNativeTarget;
			buildConfigurationList = 4A2DCEE027A6DBA100F32B59 /* Build configuration list for PBXNativeTarget "InternationalTime" */;
			buildPhases = (
				4A2DCECE27A6DB9F00F32B59 /* Sources */,
				4A2DCECF27A6DB9F00F32B59 /* Frameworks */,
				4A2DCED027A6DB9F00F32B59 /* Resources */,
			);
			buildRules = (
			);
			dependencies = (
			);
			name = InternationalTime;
			productName = InternationalTime;
			productReference = 4A2DCED227A6DB9F00F32B59 /* InternationalTime.app */;
			productType = "com.apple.product-type.application";
		};
/* End PBXNativeTarget section */

/* Begin PBXProject section */
		4A2DCECA27A6DB9F00F32B59 /* Project object */ = {
			isa = PBXProject;
			attributes = {
				BuildIndependentTargetsInParallel = 1;
				LastSwiftUpdateCheck = 1300;
				LastUpgradeCheck = 1300;
				TargetAttributes = {
					4A2DCED127A6DB9F00F32B59 = {
						CreatedOnToolsVersion = 13.0;
					};
				};
			};
			buildConfigurationList = 4A2DCECD27A6DB9F00F32B59 /* Build configuration list for PBXProject "InternationalTime" */;
			compatibilityVersion = "Xcode 13.0";
			developmentRegion = en;
			hasScannedForEncodings = 0;
			knownRegions = (
				en,
				Base,
			);
			mainGroup = 4A2DCEC927A6DB9F00F32B59;
			productRefGroup = 4A2DCED327A6DB9F00F32B59 /* Products */;
			projectDirPath = "";
			projectRoot = "";
			targets = (
				4A2DCED127A6DB9F00F32B59 /* InternationalTime */,
			);
		};
/* End PBXProject section */

/* Begin PBXResourcesBuildPhase section */
		4A2DCED027A6DB9F00F32B59 /* Resources */ = {
			isa = PBXResourcesBuildPhase;
			buildActionMask = 2147483647;
			files = (
				4A2DCEDD27A6DBA100F32B59 /* Preview Assets.xcassets in Resources */,
				4A2DCEDA27A6DBA100F32B59 /* Assets.xcassets in Resources */,
			);
			runOnlyForDeploymentPostprocessing = 0;
		};
/* End PBXResourcesBuildPhase section */

/* Begin PBXSourcesBuildPhase section */
		4A2DCECE27A6DB9F00F32B59 /* Sources */ = {
			isa = PBXSourcesBuildPhase;
			buildActionMask = 2147483647;
			files = (
				4A16689527A95FAB00564DFE /* LanguagesView.swift in Sources */,
				4A16689D27A9C76C00564DFE /* YandexTranslateManager.swift in Sources */,
				4A2DCED827A6DB9F00F32B59 /* ContentView.swift in Sources */,
				4A16688F27A95E5500564DFE /* PopupModifier.swift in Sources */,
				4A16689327A95EE500564DFE /* UIApplication+keyWindow.swift in Sources */,
				4A16689F27A9C8D300564DFE /* YandexTranslateResponse.swift in Sources */,
				4A16689127A95E6600564DFE /* PopupHostedViewController.swift in Sources */,
				4A999D5E27A87534002A5D04 /* SpeechMessage.swift in Sources */,
				4A999D4D27A85BF3002A5D04 /* SpeechRecognizer.swift in Sources */,
				4A999D5227A85CF0002A5D04 /* AVAudioSession + hasPermissionToRecord.swift in Sources */,
				4A577E5327AD6F7D009ABCD9 /* OfflineView.swift in Sources */,
				4A999D5427A86605002A5D04 /* Color+hex.swift in Sources */,
				4A999D5A27A8701A002A5D04 /* SpeakTogether.swift in Sources */,
				4A999D5C27A87147002A5D04 /* SpeechTogetherService.swift in Sources */,
				4A577E5527AD70F4009ABCD9 /* TutorialView.swift in Sources */,
				4A2DCED627A6DB9F00F32B59 /* InternationalTimeApp.swift in Sources */,
				4A999D5727A868D6002A5D04 /* PressGesture.swift in Sources */,
				4A16688C27A9481400564DFE /* SettingsView.swift in Sources */,
				4A999D5027A85CD2002A5D04 /* SFSpeechRecognizer + hasAuthorizationToRecognize.swift in Sources */,
				4A16688A27A9459200564DFE /* Language.swift in Sources */,
				4A16689B27A9C1C900564DFE /* UserSettings.swift in Sources */,
			);
			runOnlyForDeploymentPostprocessing = 0;
		};
/* End PBXSourcesBuildPhase section */

/* Begin XCBuildConfiguration section */
		4A2DCEDE27A6DBA100F32B59 /* Debug */ = {
			isa = XCBuildConfiguration;
			buildSettings = {
				ALWAYS_SEARCH_USER_PATHS = NO;
				CLANG_ANALYZER_NONNULL = YES;
				CLANG_ANALYZER_NUMBER_OBJECT_CONVERSION = YES_AGGRESSIVE;
				CLANG_CXX_LANGUAGE_STANDARD = "gnu++17";
				CLANG_CXX_LIBRARY = "libc++";
				CLANG_ENABLE_MODULES = YES;
				CLANG_ENABLE_OBJC_ARC = YES;
				CLANG_ENABLE_OBJC_WEAK = YES;
				CLANG_WARN_BLOCK_CAPTURE_AUTORELEASING = YES;
				CLANG_WARN_BOOL_CONVERSION = YES;
				CLANG_WARN_COMMA = YES;
				CLANG_WARN_CONSTANT_CONVERSION = YES;
				CLANG_WARN_DEPRECATED_OBJC_IMPLEMENTATIONS = YES;
				CLANG_WARN_DIRECT_OBJC_ISA_USAGE = YES_ERROR;
				CLANG_WARN_DOCUMENTATION_COMMENTS = YES;
				CLANG_WARN_EMPTY_BODY = YES;
				CLANG_WARN_ENUM_CONVERSION = YES;
				CLANG_WARN_INFINITE_RECURSION = YES;
				CLANG_WARN_INT_CONVERSION = YES;
				CLANG_WARN_NON_LITERAL_NULL_CONVERSION = YES;
				CLANG_WARN_OBJC_IMPLICIT_RETAIN_SELF = YES;
				CLANG_WARN_OBJC_LITERAL_CONVERSION = YES;
				CLANG_WARN_OBJC_ROOT_CLASS = YES_ERROR;
				CLANG_WARN_QUOTED_INCLUDE_IN_FRAMEWORK_HEADER = YES;
				CLANG_WARN_RANGE_LOOP_ANALYSIS = YES;
				CLANG_WARN_STRICT_PROTOTYPES = YES;
				CLANG_WARN_SUSPICIOUS_MOVE = YES;
				CLANG_WARN_UNGUARDED_AVAILABILITY = YES_AGGRESSIVE;
				CLANG_WARN_UNREACHABLE_CODE = YES;
				CLANG_WARN__DUPLICATE_METHOD_MATCH = YES;
				COPY_PHASE_STRIP = NO;
				DEBUG_INFORMATION_FORMAT = dwarf;
				ENABLE_STRICT_OBJC_MSGSEND = YES;
				ENABLE_TESTABILITY = YES;
				GCC_C_LANGUAGE_STANDARD = gnu11;
				GCC_DYNAMIC_NO_PIC = NO;
				GCC_NO_COMMON_BLOCKS = YES;
				GCC_OPTIMIZATION_LEVEL = 0;
				GCC_PREPROCESSOR_DEFINITIONS = (
					"DEBUG=1",
					"$(inherited)",
				);
				GCC_WARN_64_TO_32_BIT_CONVERSION = YES;
				GCC_WARN_ABOUT_RETURN_TYPE = YES_ERROR;
				GCC_WARN_UNDECLARED_SELECTOR = YES;
				GCC_WARN_UNINITIALIZED_AUTOS = YES_AGGRESSIVE;
				GCC_WARN_UNUSED_FUNCTION = YES;
				GCC_WARN_UNUSED_VARIABLE = YES;
				IPHONEOS_DEPLOYMENT_TARGET = 15.0;
				MTL_ENABLE_DEBUG_INFO = INCLUDE_SOURCE;
				MTL_FAST_MATH = YES;
				ONLY_ACTIVE_ARCH = YES;
				SDKROOT = iphoneos;
				SWIFT_ACTIVE_COMPILATION_CONDITIONS = DEBUG;
				SWIFT_OPTIMIZATION_LEVEL = "-Onone";
			};
			name = Debug;
		};
		4A2DCEDF27A6DBA100F32B59 /* Release */ = {
			isa = XCBuildConfiguration;
			buildSettings = {
				ALWAYS_SEARCH_USER_PATHS = NO;
				CLANG_ANALYZER_NONNULL = YES;
				CLANG_ANALYZER_NUMBER_OBJECT_CONVERSION = YES_AGGRESSIVE;
				CLANG_CXX_LANGUAGE_STANDARD = "gnu++17";
				CLANG_CXX_LIBRARY = "libc++";
				CLANG_ENABLE_MODULES = YES;
				CLANG_ENABLE_OBJC_ARC = YES;
				CLANG_ENABLE_OBJC_WEAK = YES;
				CLANG_WARN_BLOCK_CAPTURE_AUTORELEASING = YES;
				CLANG_WARN_BOOL_CONVERSION = YES;
				CLANG_WARN_COMMA = YES;
				CLANG_WARN_CONSTANT_CONVERSION = YES;
				CLANG_WARN_DEPRECATED_OBJC_IMPLEMENTATIONS = YES;
				CLANG_WARN_DIRECT_OBJC_ISA_USAGE = YES_ERROR;
				CLANG_WARN_DOCUMENTATION_COMMENTS = YES;
				CLANG_WARN_EMPTY_BODY = YES;
				CLANG_WARN_ENUM_CONVERSION = YES;
				CLANG_WARN_INFINITE_RECURSION = YES;
				CLANG_WARN_INT_CONVERSION = YES;
				CLANG_WARN_NON_LITERAL_NULL_CONVERSION = YES;
				CLANG_WARN_OBJC_IMPLICIT_RETAIN_SELF = YES;
				CLANG_WARN_OBJC_LITERAL_CONVERSION = YES;
				CLANG_WARN_OBJC_ROOT_CLASS = YES_ERROR;
				CLANG_WARN_QUOTED_INCLUDE_IN_FRAMEWORK_HEADER = YES;
				CLANG_WARN_RANGE_LOOP_ANALYSIS = YES;
				CLANG_WARN_STRICT_PROTOTYPES = YES;
				CLANG_WARN_SUSPICIOUS_MOVE = YES;
				CLANG_WARN_UNGUARDED_AVAILABILITY = YES_AGGRESSIVE;
				CLANG_WARN_UNREACHABLE_CODE = YES;
				CLANG_WARN__DUPLICATE_METHOD_MATCH = YES;
				COPY_PHASE_STRIP = NO;
				DEBUG_INFORMATION_FORMAT = "dwarf-with-dsym";
				ENABLE_NS_ASSERTIONS = NO;
				ENABLE_STRICT_OBJC_MSGSEND = YES;
				GCC_C_LANGUAGE_STANDARD = gnu11;
				GCC_NO_COMMON_BLOCKS = YES;
				GCC_WARN_64_TO_32_BIT_CONVERSION = YES;
				GCC_WARN_ABOUT_RETURN_TYPE = YES_ERROR;
				GCC_WARN_UNDECLARED_SELECTOR = YES;
				GCC_WARN_UNINITIALIZED_AUTOS = YES_AGGRESSIVE;
				GCC_WARN_UNUSED_FUNCTION = YES;
				GCC_WARN_UNUSED_VARIABLE = YES;
				IPHONEOS_DEPLOYMENT_TARGET = 15.0;
				MTL_ENABLE_DEBUG_INFO = NO;
				MTL_FAST_MATH = YES;
				SDKROOT = iphoneos;
				SWIFT_COMPILATION_MODE = wholemodule;
				SWIFT_OPTIMIZATION_LEVEL = "-O";
				VALIDATE_PRODUCT = YES;
			};
			name = Release;
		};
		4A2DCEE127A6DBA100F32B59 /* Debug */ = {
			isa = XCBuildConfiguration;
			buildSettings = {
				ASSETCATALOG_COMPILER_APPICON_NAME = AppIcon;
				ASSETCATALOG_COMPILER_GLOBAL_ACCENT_COLOR_NAME = AccentColor;
				CODE_SIGN_ENTITLEMENTS = InternationalTime/InternationalTime.entitlements;
				CODE_SIGN_STYLE = Automatic;
				CURRENT_PROJECT_VERSION = 1;
				DEVELOPMENT_ASSET_PATHS = "\"InternationalTime/Supporting Files/Preview Content\"";
				DEVELOPMENT_TEAM = YGPW8F225S;
				ENABLE_PREVIEWS = YES;
				GENERATE_INFOPLIST_FILE = YES;
				INFOPLIST_KEY_NSMicrophoneUsageDescription = "Give me an access please to your micro";
				INFOPLIST_KEY_NSSpeechRecognitionUsageDescription = "Give me an access please";
				INFOPLIST_KEY_UIApplicationSceneManifest_Generation = YES;
				INFOPLIST_KEY_UIApplicationSupportsIndirectInputEvents = YES;
				INFOPLIST_KEY_UILaunchScreen_Generation = YES;
				INFOPLIST_KEY_UISupportedInterfaceOrientations_iPad = "UIInterfaceOrientationPortrait UIInterfaceOrientationPortraitUpsideDown UIInterfaceOrientationLandscapeLeft UIInterfaceOrientationLandscapeRight";
				INFOPLIST_KEY_UISupportedInterfaceOrientations_iPhone = "UIInterfaceOrientationPortrait UIInterfaceOrientationLandscapeLeft UIInterfaceOrientationLandscapeRight";
				IPHONEOS_DEPLOYMENT_TARGET = 15.0;
				LD_RUNPATH_SEARCH_PATHS = (
					"$(inherited)",
					"@executable_path/Frameworks",
				);
				MARKETING_VERSION = 1.0;
				PRODUCT_BUNDLE_IDENTIFIER = com.schibstedbelarus.kufar.InternationalTime;
				PRODUCT_NAME = "$(TARGET_NAME)";
				SWIFT_EMIT_LOC_STRINGS = YES;
				SWIFT_VERSION = 5.0;
				TARGETED_DEVICE_FAMILY = "1,2";
			};
			name = Debug;
		};
		4A2DCEE227A6DBA100F32B59 /* Release */ = {
			isa = XCBuildConfiguration;
			buildSettings = {
				ASSETCATALOG_COMPILER_APPICON_NAME = AppIcon;
				ASSETCATALOG_COMPILER_GLOBAL_ACCENT_COLOR_NAME = AccentColor;
				CODE_SIGN_ENTITLEMENTS = InternationalTime/InternationalTime.entitlements;
				CODE_SIGN_STYLE = Automatic;
				CURRENT_PROJECT_VERSION = 1;
				DEVELOPMENT_ASSET_PATHS = "\"InternationalTime/Supporting Files/Preview Content\"";
				DEVELOPMENT_TEAM = YGPW8F225S;
				ENABLE_PREVIEWS = YES;
				GENERATE_INFOPLIST_FILE = YES;
				INFOPLIST_KEY_NSMicrophoneUsageDescription = "Give me an access please to your micro";
				INFOPLIST_KEY_NSSpeechRecognitionUsageDescription = "Give me an access please";
				INFOPLIST_KEY_UIApplicationSceneManifest_Generation = YES;
				INFOPLIST_KEY_UIApplicationSupportsIndirectInputEvents = YES;
				INFOPLIST_KEY_UILaunchScreen_Generation = YES;
				INFOPLIST_KEY_UISupportedInterfaceOrientations_iPad = "UIInterfaceOrientationPortrait UIInterfaceOrientationPortraitUpsideDown UIInterfaceOrientationLandscapeLeft UIInterfaceOrientationLandscapeRight";
				INFOPLIST_KEY_UISupportedInterfaceOrientations_iPhone = "UIInterfaceOrientationPortrait UIInterfaceOrientationLandscapeLeft UIInterfaceOrientationLandscapeRight";
				IPHONEOS_DEPLOYMENT_TARGET = 15.0;
				LD_RUNPATH_SEARCH_PATHS = (
					"$(inherited)",
					"@executable_path/Frameworks",
				);
				MARKETING_VERSION = 1.0;
				PRODUCT_BUNDLE_IDENTIFIER = com.schibstedbelarus.kufar.InternationalTime;
				PRODUCT_NAME = "$(TARGET_NAME)";
				SWIFT_EMIT_LOC_STRINGS = YES;
				SWIFT_VERSION = 5.0;
				TARGETED_DEVICE_FAMILY = "1,2";
			};
			name = Release;
		};
/* End XCBuildConfiguration section */

/* Begin XCConfigurationList section */
		4A2DCECD27A6DB9F00F32B59 /* Build configuration list for PBXProject "InternationalTime" */ = {
			isa = XCConfigurationList;
			buildConfigurations = (
				4A2DCEDE27A6DBA100F32B59 /* Debug */,
				4A2DCEDF27A6DBA100F32B59 /* Release */,
			);
			defaultConfigurationIsVisible = 0;
			defaultConfigurationName = Release;
		};
		4A2DCEE027A6DBA100F32B59 /* Build configuration list for PBXNativeTarget "InternationalTime" */ = {
			isa = XCConfigurationList;
			buildConfigurations = (
				4A2DCEE127A6DBA100F32B59 /* Debug */,
				4A2DCEE227A6DBA100F32B59 /* Release */,
			);
			defaultConfigurationIsVisible = 0;
			defaultConfigurationName = Release;
		};
/* End XCConfigurationList section */
	};
	rootObject = 4A2DCECA27A6DB9F00F32B59 /* Project object */;
}
